// !$*UTF8*$!
{
	archiveVersion = 1;
	classes = {
	};
	objectVersion = 56;
	objects = {

/* Begin PBXBuildFile section */
		CC9E58CD2AD9AED700F8ED3D /* AppDelegate.swift in Sources */ = {isa = PBXBuildFile; fileRef = CC9E58CC2AD9AED700F8ED3D /* AppDelegate.swift */; };
		CC9E58CF2AD9AED700F8ED3D /* SceneDelegate.swift in Sources */ = {isa = PBXBuildFile; fileRef = CC9E58CE2AD9AED700F8ED3D /* SceneDelegate.swift */; };
		CC9E58D42AD9AED700F8ED3D /* Registration.storyboard in Resources */ = {isa = PBXBuildFile; fileRef = CC9E58D22AD9AED700F8ED3D /* Registration.storyboard */; };
		CC9E58D62AD9AED800F8ED3D /* Assets.xcassets in Resources */ = {isa = PBXBuildFile; fileRef = CC9E58D52AD9AED800F8ED3D /* Assets.xcassets */; };
		CC9E58D92AD9AED800F8ED3D /* LaunchScreen.storyboard in Resources */ = {isa = PBXBuildFile; fileRef = CC9E58D72AD9AED800F8ED3D /* LaunchScreen.storyboard */; };
		CC9E58E12ADB545A00F8ED3D /* LoginViewController.swift in Sources */ = {isa = PBXBuildFile; fileRef = CC9E58E02ADB545A00F8ED3D /* LoginViewController.swift */; };
		CC9E58E32ADB547900F8ED3D /* SignUpViewController.swift in Sources */ = {isa = PBXBuildFile; fileRef = CC9E58E22ADB547900F8ED3D /* SignUpViewController.swift */; };
		CC9E58E52ADB54B400F8ED3D /* ChatListViewController.swift in Sources */ = {isa = PBXBuildFile; fileRef = CC9E58E42ADB54B400F8ED3D /* ChatListViewController.swift */; };
		CC9E58E72ADDB72700F8ED3D /* SettingsViewController.swift in Sources */ = {isa = PBXBuildFile; fileRef = CC9E58E62ADDB72700F8ED3D /* SettingsViewController.swift */; };
		CC9E58EC2ADE18BB00F8ED3D /* ContactsViewController.swift in Sources */ = {isa = PBXBuildFile; fileRef = CC9E58EB2ADE18BB00F8ED3D /* ContactsViewController.swift */; };
		CC9E58F32ADE2EE100F8ED3D /* Home.storyboard in Resources */ = {isa = PBXBuildFile; fileRef = CC9E58F22ADE2EE100F8ED3D /* Home.storyboard */; };
		CC9E58FD2ADE366200F8ED3D /* ChatAppStrings.docc in Sources */ = {isa = PBXBuildFile; fileRef = CC9E58FC2ADE366200F8ED3D /* ChatAppStrings.docc */; };
		CC9E58FE2ADE366200F8ED3D /* ChatAppStrings.h in Headers */ = {isa = PBXBuildFile; fileRef = CC9E58FB2ADE366200F8ED3D /* ChatAppStrings.h */; settings = {ATTRIBUTES = (Public, ); }; };
		CC9E59012ADE366200F8ED3D /* ChatAppStrings.framework in Frameworks */ = {isa = PBXBuildFile; fileRef = CC9E58F92ADE366200F8ED3D /* ChatAppStrings.framework */; };
		CC9E59022ADE366200F8ED3D /* ChatAppStrings.framework in Embed Frameworks */ = {isa = PBXBuildFile; fileRef = CC9E58F92ADE366200F8ED3D /* ChatAppStrings.framework */; settings = {ATTRIBUTES = (CodeSignOnCopy, RemoveHeadersOnCopy, ); }; };
		CC9E59082ADE367B00F8ED3D /* Strings.swift in Sources */ = {isa = PBXBuildFile; fileRef = CC9E59072ADE367B00F8ED3D /* Strings.swift */; };
		CC9E59122ADE37ED00F8ED3D /* ChatAppUIKit.docc in Sources */ = {isa = PBXBuildFile; fileRef = CC9E59112ADE37ED00F8ED3D /* ChatAppUIKit.docc */; };
		CC9E59132ADE37ED00F8ED3D /* ChatAppUIKit.h in Headers */ = {isa = PBXBuildFile; fileRef = CC9E59102ADE37ED00F8ED3D /* ChatAppUIKit.h */; settings = {ATTRIBUTES = (Public, ); }; };
		CC9E59162ADE37ED00F8ED3D /* ChatAppUIKit.framework in Frameworks */ = {isa = PBXBuildFile; fileRef = CC9E590E2ADE37ED00F8ED3D /* ChatAppUIKit.framework */; };
		CC9E59172ADE37ED00F8ED3D /* ChatAppUIKit.framework in Embed Frameworks */ = {isa = PBXBuildFile; fileRef = CC9E590E2ADE37ED00F8ED3D /* ChatAppUIKit.framework */; settings = {ATTRIBUTES = (CodeSignOnCopy, RemoveHeadersOnCopy, ); }; };
		CC9E591F2ADF7A1400F8ED3D /* ProximaNova-Regular.otf in Resources */ = {isa = PBXBuildFile; fileRef = CC9E591C2ADF7A1400F8ED3D /* ProximaNova-Regular.otf */; };
		CC9E59202ADF7A1400F8ED3D /* ProximaNova-Bold.otf in Resources */ = {isa = PBXBuildFile; fileRef = CC9E591D2ADF7A1400F8ED3D /* ProximaNova-Bold.otf */; };
		CC9E59212ADF7A1400F8ED3D /* ProximaNova-Semibold.otf in Resources */ = {isa = PBXBuildFile; fileRef = CC9E591E2ADF7A1400F8ED3D /* ProximaNova-Semibold.otf */; };
		CC9E59242ADF7AF300F8ED3D /* Fonts.swift in Sources */ = {isa = PBXBuildFile; fileRef = CC9E59232ADF7AF300F8ED3D /* Fonts.swift */; };
		CC9E59282AE0F36500F8ED3D /* GoogleService-Info.plist in Resources */ = {isa = PBXBuildFile; fileRef = CC9E59272AE0F36500F8ED3D /* GoogleService-Info.plist */; };
		CC9E592B2AE0F43200F8ED3D /* FirebaseAuth in Frameworks */ = {isa = PBXBuildFile; productRef = CC9E592A2AE0F43200F8ED3D /* FirebaseAuth */; };
		CC9E592D2AE0F43200F8ED3D /* FirebaseDatabase in Frameworks */ = {isa = PBXBuildFile; productRef = CC9E592C2AE0F43200F8ED3D /* FirebaseDatabase */; };
		CC9E592F2AE0F43200F8ED3D /* FirebaseDatabaseSwift in Frameworks */ = {isa = PBXBuildFile; productRef = CC9E592E2AE0F43200F8ED3D /* FirebaseDatabaseSwift */; };
		CC9E59312AE0F43200F8ED3D /* FirebaseFirestore in Frameworks */ = {isa = PBXBuildFile; productRef = CC9E59302AE0F43200F8ED3D /* FirebaseFirestore */; };
		CC9E59332AE0F43200F8ED3D /* FirebaseFirestoreSwift in Frameworks */ = {isa = PBXBuildFile; productRef = CC9E59322AE0F43200F8ED3D /* FirebaseFirestoreSwift */; };
		CCB38CA72AF34F27003BC40C /* AuthHandler.swift in Sources */ = {isa = PBXBuildFile; fileRef = CCB38CA62AF34F27003BC40C /* AuthHandler.swift */; };
		CCB38CA92AF6BF38003BC40C /* Message.swift in Sources */ = {isa = PBXBuildFile; fileRef = CCB38CA82AF6BF38003BC40C /* Message.swift */; };
		CCB38CAB2AF6BF9D003BC40C /* ChatViewController.swift in Sources */ = {isa = PBXBuildFile; fileRef = CCB38CAA2AF6BF9D003BC40C /* ChatViewController.swift */; };
		CCB38CAE2AF6FB6C003BC40C /* MessageCell.swift in Sources */ = {isa = PBXBuildFile; fileRef = CCB38CAC2AF6FB6C003BC40C /* MessageCell.swift */; };
		CCB38CAF2AF6FB6C003BC40C /* MessageCell.xib in Resources */ = {isa = PBXBuildFile; fileRef = CCB38CAD2AF6FB6C003BC40C /* MessageCell.xib */; };
/* End PBXBuildFile section */

/* Begin PBXContainerItemProxy section */
		CC9E58FF2ADE366200F8ED3D /* PBXContainerItemProxy */ = {
			isa = PBXContainerItemProxy;
			containerPortal = CC9E58C12AD9AED700F8ED3D /* Project object */;
			proxyType = 1;
			remoteGlobalIDString = CC9E58F82ADE366200F8ED3D;
			remoteInfo = ChatAppStrings;
		};
		CC9E59142ADE37ED00F8ED3D /* PBXContainerItemProxy */ = {
			isa = PBXContainerItemProxy;
			containerPortal = CC9E58C12AD9AED700F8ED3D /* Project object */;
			proxyType = 1;
			remoteGlobalIDString = CC9E590D2ADE37ED00F8ED3D;
			remoteInfo = ChatAppUIKit;
		};
/* End PBXContainerItemProxy section */

/* Begin PBXCopyFilesBuildPhase section */
		CC9E59062ADE366200F8ED3D /* Embed Frameworks */ = {
			isa = PBXCopyFilesBuildPhase;
			buildActionMask = 2147483647;
			dstPath = "";
			dstSubfolderSpec = 10;
			files = (
				CC9E59022ADE366200F8ED3D /* ChatAppStrings.framework in Embed Frameworks */,
				CC9E59172ADE37ED00F8ED3D /* ChatAppUIKit.framework in Embed Frameworks */,
			);
			name = "Embed Frameworks";
			runOnlyForDeploymentPostprocessing = 0;
		};
/* End PBXCopyFilesBuildPhase section */

/* Begin PBXFileReference section */
		CC9E58C92AD9AED700F8ED3D /* ChatApp.app */ = {isa = PBXFileReference; explicitFileType = wrapper.application; includeInIndex = 0; path = ChatApp.app; sourceTree = BUILT_PRODUCTS_DIR; };
		CC9E58CC2AD9AED700F8ED3D /* AppDelegate.swift */ = {isa = PBXFileReference; lastKnownFileType = sourcecode.swift; path = AppDelegate.swift; sourceTree = "<group>"; };
		CC9E58CE2AD9AED700F8ED3D /* SceneDelegate.swift */ = {isa = PBXFileReference; lastKnownFileType = sourcecode.swift; path = SceneDelegate.swift; sourceTree = "<group>"; };
		CC9E58D32AD9AED700F8ED3D /* Base */ = {isa = PBXFileReference; lastKnownFileType = file.storyboard; name = Base; path = Base.lproj/Registration.storyboard; sourceTree = "<group>"; };
		CC9E58D52AD9AED800F8ED3D /* Assets.xcassets */ = {isa = PBXFileReference; lastKnownFileType = folder.assetcatalog; path = Assets.xcassets; sourceTree = "<group>"; };
		CC9E58D82AD9AED800F8ED3D /* Base */ = {isa = PBXFileReference; lastKnownFileType = file.storyboard; name = Base; path = Base.lproj/LaunchScreen.storyboard; sourceTree = "<group>"; };
		CC9E58DA2AD9AED800F8ED3D /* Info.plist */ = {isa = PBXFileReference; lastKnownFileType = text.plist.xml; path = Info.plist; sourceTree = "<group>"; };
		CC9E58E02ADB545A00F8ED3D /* LoginViewController.swift */ = {isa = PBXFileReference; lastKnownFileType = sourcecode.swift; path = LoginViewController.swift; sourceTree = "<group>"; };
		CC9E58E22ADB547900F8ED3D /* SignUpViewController.swift */ = {isa = PBXFileReference; lastKnownFileType = sourcecode.swift; path = SignUpViewController.swift; sourceTree = "<group>"; };
		CC9E58E42ADB54B400F8ED3D /* ChatListViewController.swift */ = {isa = PBXFileReference; lastKnownFileType = sourcecode.swift; path = ChatListViewController.swift; sourceTree = "<group>"; };
		CC9E58E62ADDB72700F8ED3D /* SettingsViewController.swift */ = {isa = PBXFileReference; lastKnownFileType = sourcecode.swift; path = SettingsViewController.swift; sourceTree = "<group>"; };
		CC9E58EB2ADE18BB00F8ED3D /* ContactsViewController.swift */ = {isa = PBXFileReference; lastKnownFileType = sourcecode.swift; path = ContactsViewController.swift; sourceTree = "<group>"; };
		CC9E58F22ADE2EE100F8ED3D /* Home.storyboard */ = {isa = PBXFileReference; lastKnownFileType = file.storyboard; path = Home.storyboard; sourceTree = "<group>"; };
		CC9E58F92ADE366200F8ED3D /* ChatAppStrings.framework */ = {isa = PBXFileReference; explicitFileType = wrapper.framework; includeInIndex = 0; path = ChatAppStrings.framework; sourceTree = BUILT_PRODUCTS_DIR; };
		CC9E58FB2ADE366200F8ED3D /* ChatAppStrings.h */ = {isa = PBXFileReference; lastKnownFileType = sourcecode.c.h; path = ChatAppStrings.h; sourceTree = "<group>"; };
		CC9E58FC2ADE366200F8ED3D /* ChatAppStrings.docc */ = {isa = PBXFileReference; lastKnownFileType = folder.documentationcatalog; path = ChatAppStrings.docc; sourceTree = "<group>"; };
		CC9E59072ADE367B00F8ED3D /* Strings.swift */ = {isa = PBXFileReference; lastKnownFileType = sourcecode.swift; path = Strings.swift; sourceTree = "<group>"; };
		CC9E590E2ADE37ED00F8ED3D /* ChatAppUIKit.framework */ = {isa = PBXFileReference; explicitFileType = wrapper.framework; includeInIndex = 0; path = ChatAppUIKit.framework; sourceTree = BUILT_PRODUCTS_DIR; };
		CC9E59102ADE37ED00F8ED3D /* ChatAppUIKit.h */ = {isa = PBXFileReference; lastKnownFileType = sourcecode.c.h; path = ChatAppUIKit.h; sourceTree = "<group>"; };
		CC9E59112ADE37ED00F8ED3D /* ChatAppUIKit.docc */ = {isa = PBXFileReference; lastKnownFileType = folder.documentationcatalog; path = ChatAppUIKit.docc; sourceTree = "<group>"; };
		CC9E591C2ADF7A1400F8ED3D /* ProximaNova-Regular.otf */ = {isa = PBXFileReference; lastKnownFileType = file; path = "ProximaNova-Regular.otf"; sourceTree = "<group>"; };
		CC9E591D2ADF7A1400F8ED3D /* ProximaNova-Bold.otf */ = {isa = PBXFileReference; lastKnownFileType = file; path = "ProximaNova-Bold.otf"; sourceTree = "<group>"; };
		CC9E591E2ADF7A1400F8ED3D /* ProximaNova-Semibold.otf */ = {isa = PBXFileReference; lastKnownFileType = file; path = "ProximaNova-Semibold.otf"; sourceTree = "<group>"; };
		CC9E59232ADF7AF300F8ED3D /* Fonts.swift */ = {isa = PBXFileReference; lastKnownFileType = sourcecode.swift; path = Fonts.swift; sourceTree = "<group>"; };
		CC9E59272AE0F36500F8ED3D /* GoogleService-Info.plist */ = {isa = PBXFileReference; fileEncoding = 4; lastKnownFileType = text.plist.xml; path = "GoogleService-Info.plist"; sourceTree = "<group>"; };
		CCB38CA62AF34F27003BC40C /* AuthHandler.swift */ = {isa = PBXFileReference; lastKnownFileType = sourcecode.swift; path = AuthHandler.swift; sourceTree = "<group>"; };
		CCB38CA82AF6BF38003BC40C /* Message.swift */ = {isa = PBXFileReference; lastKnownFileType = sourcecode.swift; path = Message.swift; sourceTree = "<group>"; };
		CCB38CAA2AF6BF9D003BC40C /* ChatViewController.swift */ = {isa = PBXFileReference; lastKnownFileType = sourcecode.swift; path = ChatViewController.swift; sourceTree = "<group>"; };
		CCB38CAC2AF6FB6C003BC40C /* MessageCell.swift */ = {isa = PBXFileReference; lastKnownFileType = sourcecode.swift; path = MessageCell.swift; sourceTree = "<group>"; };
		CCB38CAD2AF6FB6C003BC40C /* MessageCell.xib */ = {isa = PBXFileReference; lastKnownFileType = file.xib; path = MessageCell.xib; sourceTree = "<group>"; };
/* End PBXFileReference section */

/* Begin PBXFrameworksBuildPhase section */
		CC9E58C62AD9AED700F8ED3D /* Frameworks */ = {
			isa = PBXFrameworksBuildPhase;
			buildActionMask = 2147483647;
			files = (
				CC9E592F2AE0F43200F8ED3D /* FirebaseDatabaseSwift in Frameworks */,
				CC9E592D2AE0F43200F8ED3D /* FirebaseDatabase in Frameworks */,
				CC9E59012ADE366200F8ED3D /* ChatAppStrings.framework in Frameworks */,
				CC9E59162ADE37ED00F8ED3D /* ChatAppUIKit.framework in Frameworks */,
				CC9E592B2AE0F43200F8ED3D /* FirebaseAuth in Frameworks */,
				CC9E59312AE0F43200F8ED3D /* FirebaseFirestore in Frameworks */,
				CC9E59332AE0F43200F8ED3D /* FirebaseFirestoreSwift in Frameworks */,
			);
			runOnlyForDeploymentPostprocessing = 0;
		};
		CC9E58F62ADE366200F8ED3D /* Frameworks */ = {
			isa = PBXFrameworksBuildPhase;
			buildActionMask = 2147483647;
			files = (
			);
			runOnlyForDeploymentPostprocessing = 0;
		};
		CC9E590B2ADE37ED00F8ED3D /* Frameworks */ = {
			isa = PBXFrameworksBuildPhase;
			buildActionMask = 2147483647;
			files = (
			);
			runOnlyForDeploymentPostprocessing = 0;
		};
/* End PBXFrameworksBuildPhase section */

/* Begin PBXGroup section */
		CC9E58C02AD9AED700F8ED3D = {
			isa = PBXGroup;
			children = (
				CC9E58CB2AD9AED700F8ED3D /* ChatApp */,
				CC9E58FA2ADE366200F8ED3D /* ChatAppStrings */,
				CC9E590F2ADE37ED00F8ED3D /* ChatAppUIKit */,
				CC9E58CA2AD9AED700F8ED3D /* Products */,
			);
			sourceTree = "<group>";
		};
		CC9E58CA2AD9AED700F8ED3D /* Products */ = {
			isa = PBXGroup;
			children = (
				CC9E58C92AD9AED700F8ED3D /* ChatApp.app */,
				CC9E58F92ADE366200F8ED3D /* ChatAppStrings.framework */,
				CC9E590E2ADE37ED00F8ED3D /* ChatAppUIKit.framework */,
			);
			name = Products;
			sourceTree = "<group>";
		};
		CC9E58CB2AD9AED700F8ED3D /* ChatApp */ = {
			isa = PBXGroup;
			children = (
				CC9E591B2ADF79DD00F8ED3D /* Fonts */,
				CC9E58F12ADE2EAD00F8ED3D /* Launcher */,
				CC9E58EF2ADE2DB500F8ED3D /* Registration */,
				CC9E58F02ADE2E0200F8ED3D /* Home */,
				CC9E58D52AD9AED800F8ED3D /* Assets.xcassets */,
				CC9E58D72AD9AED800F8ED3D /* LaunchScreen.storyboard */,
				CC9E58DA2AD9AED800F8ED3D /* Info.plist */,
				CC9E59272AE0F36500F8ED3D /* GoogleService-Info.plist */,
			);
			path = ChatApp;
			sourceTree = "<group>";
		};
		CC9E58EF2ADE2DB500F8ED3D /* Registration */ = {
			isa = PBXGroup;
			children = (
				CC9E58E02ADB545A00F8ED3D /* LoginViewController.swift */,
				CC9E58E22ADB547900F8ED3D /* SignUpViewController.swift */,
				CC9E58D22AD9AED700F8ED3D /* Registration.storyboard */,
				CCB38CA62AF34F27003BC40C /* AuthHandler.swift */,
			);
			name = Registration;
			sourceTree = "<group>";
		};
		CC9E58F02ADE2E0200F8ED3D /* Home */ = {
			isa = PBXGroup;
			children = (
				CCB38CB22AF81E9F003BC40C /* ChatList */,
				CCB38CB32AF81EAD003BC40C /* Settings */,
				CCB38CB42AF81EB5003BC40C /* Contacts */,
				CC9E58F22ADE2EE100F8ED3D /* Home.storyboard */,
			);
			path = Home;
			sourceTree = "<group>";
		};
		CC9E58F12ADE2EAD00F8ED3D /* Launcher */ = {
			isa = PBXGroup;
			children = (
				CC9E58CC2AD9AED700F8ED3D /* AppDelegate.swift */,
				CC9E58CE2AD9AED700F8ED3D /* SceneDelegate.swift */,
			);
			path = Launcher;
			sourceTree = "<group>";
		};
		CC9E58FA2ADE366200F8ED3D /* ChatAppStrings */ = {
			isa = PBXGroup;
			children = (
				CC9E58FB2ADE366200F8ED3D /* ChatAppStrings.h */,
				CC9E58FC2ADE366200F8ED3D /* ChatAppStrings.docc */,
				CC9E59072ADE367B00F8ED3D /* Strings.swift */,
			);
			path = ChatAppStrings;
			sourceTree = "<group>";
		};
		CC9E590F2ADE37ED00F8ED3D /* ChatAppUIKit */ = {
			isa = PBXGroup;
			children = (
				CC9E59222ADF7AB900F8ED3D /* Fonts */,
				CC9E59102ADE37ED00F8ED3D /* ChatAppUIKit.h */,
				CC9E59112ADE37ED00F8ED3D /* ChatAppUIKit.docc */,
			);
			path = ChatAppUIKit;
			sourceTree = "<group>";
		};
		CC9E591B2ADF79DD00F8ED3D /* Fonts */ = {
			isa = PBXGroup;
			children = (
				CC9E591D2ADF7A1400F8ED3D /* ProximaNova-Bold.otf */,
				CC9E591C2ADF7A1400F8ED3D /* ProximaNova-Regular.otf */,
				CC9E591E2ADF7A1400F8ED3D /* ProximaNova-Semibold.otf */,
			);
			path = Fonts;
			sourceTree = "<group>";
		};
		CC9E59222ADF7AB900F8ED3D /* Fonts */ = {
			isa = PBXGroup;
			children = (
				CC9E59232ADF7AF300F8ED3D /* Fonts.swift */,
			);
			path = Fonts;
			sourceTree = "<group>";
		};
		CCB38CB22AF81E9F003BC40C /* ChatList */ = {
			isa = PBXGroup;
			children = (
				CCB38CB52AF81EE4003BC40C /* Chat */,
				CC9E58E42ADB54B400F8ED3D /* ChatListViewController.swift */,
			);
			path = ChatList;
			sourceTree = "<group>";
		};
		CCB38CB32AF81EAD003BC40C /* Settings */ = {
			isa = PBXGroup;
			children = (
				CC9E58E62ADDB72700F8ED3D /* SettingsViewController.swift */,
			);
			path = Settings;
			sourceTree = "<group>";
		};
		CCB38CB42AF81EB5003BC40C /* Contacts */ = {
			isa = PBXGroup;
			children = (
				CC9E58EB2ADE18BB00F8ED3D /* ContactsViewController.swift */,
			);
			path = Contacts;
			sourceTree = "<group>";
		};
		CCB38CB52AF81EE4003BC40C /* Chat */ = {
			isa = PBXGroup;
			children = (
				CCB38CAA2AF6BF9D003BC40C /* ChatViewController.swift */,
				CCB38CB62AF81F18003BC40C /* Cells */,
			);
			path = Chat;
			sourceTree = "<group>";
		};
		CCB38CB62AF81F18003BC40C /* Cells */ = {
			isa = PBXGroup;
			children = (
				CCB38CA82AF6BF38003BC40C /* Message.swift */,
				CCB38CAC2AF6FB6C003BC40C /* MessageCell.swift */,
				CCB38CAD2AF6FB6C003BC40C /* MessageCell.xib */,
			);
			path = Cells;
			sourceTree = "<group>";
		};
/* End PBXGroup section */

/* Begin PBXHeadersBuildPhase section */
		CC9E58F42ADE366200F8ED3D /* Headers */ = {
			isa = PBXHeadersBuildPhase;
			buildActionMask = 2147483647;
			files = (
				CC9E58FE2ADE366200F8ED3D /* ChatAppStrings.h in Headers */,
			);
			runOnlyForDeploymentPostprocessing = 0;
		};
		CC9E59092ADE37ED00F8ED3D /* Headers */ = {
			isa = PBXHeadersBuildPhase;
			buildActionMask = 2147483647;
			files = (
				CC9E59132ADE37ED00F8ED3D /* ChatAppUIKit.h in Headers */,
			);
			runOnlyForDeploymentPostprocessing = 0;
		};
/* End PBXHeadersBuildPhase section */

/* Begin PBXNativeTarget section */
		CC9E58C82AD9AED700F8ED3D /* ChatApp */ = {
			isa = PBXNativeTarget;
			buildConfigurationList = CC9E58DD2AD9AED800F8ED3D /* Build configuration list for PBXNativeTarget "ChatApp" */;
			buildPhases = (
				CC9E58C52AD9AED700F8ED3D /* Sources */,
				CC9E58C62AD9AED700F8ED3D /* Frameworks */,
				CC9E58C72AD9AED700F8ED3D /* Resources */,
				CC9E59062ADE366200F8ED3D /* Embed Frameworks */,
			);
			buildRules = (
			);
			dependencies = (
				CC9E59002ADE366200F8ED3D /* PBXTargetDependency */,
				CC9E59152ADE37ED00F8ED3D /* PBXTargetDependency */,
			);
			name = ChatApp;
			packageProductDependencies = (
				CC9E592A2AE0F43200F8ED3D /* FirebaseAuth */,
				CC9E592C2AE0F43200F8ED3D /* FirebaseDatabase */,
				CC9E592E2AE0F43200F8ED3D /* FirebaseDatabaseSwift */,
				CC9E59302AE0F43200F8ED3D /* FirebaseFirestore */,
				CC9E59322AE0F43200F8ED3D /* FirebaseFirestoreSwift */,
			);
			productName = ChatApp;
			productReference = CC9E58C92AD9AED700F8ED3D /* ChatApp.app */;
			productType = "com.apple.product-type.application";
		};
		CC9E58F82ADE366200F8ED3D /* ChatAppStrings */ = {
			isa = PBXNativeTarget;
			buildConfigurationList = CC9E59032ADE366200F8ED3D /* Build configuration list for PBXNativeTarget "ChatAppStrings" */;
			buildPhases = (
				CC9E58F42ADE366200F8ED3D /* Headers */,
				CC9E58F52ADE366200F8ED3D /* Sources */,
				CC9E58F62ADE366200F8ED3D /* Frameworks */,
				CC9E58F72ADE366200F8ED3D /* Resources */,
			);
			buildRules = (
			);
			dependencies = (
			);
			name = ChatAppStrings;
			productName = ChatAppStrings;
			productReference = CC9E58F92ADE366200F8ED3D /* ChatAppStrings.framework */;
			productType = "com.apple.product-type.framework";
		};
		CC9E590D2ADE37ED00F8ED3D /* ChatAppUIKit */ = {
			isa = PBXNativeTarget;
			buildConfigurationList = CC9E59182ADE37ED00F8ED3D /* Build configuration list for PBXNativeTarget "ChatAppUIKit" */;
			buildPhases = (
				CC9E59092ADE37ED00F8ED3D /* Headers */,
				CC9E590A2ADE37ED00F8ED3D /* Sources */,
				CC9E590B2ADE37ED00F8ED3D /* Frameworks */,
				CC9E590C2ADE37ED00F8ED3D /* Resources */,
			);
			buildRules = (
			);
			dependencies = (
			);
			name = ChatAppUIKit;
			productName = ChatAppUIKit;
			productReference = CC9E590E2ADE37ED00F8ED3D /* ChatAppUIKit.framework */;
			productType = "com.apple.product-type.framework";
		};
/* End PBXNativeTarget section */

/* Begin PBXProject section */
		CC9E58C12AD9AED700F8ED3D /* Project object */ = {
			isa = PBXProject;
			attributes = {
				BuildIndependentTargetsInParallel = 1;
				LastSwiftUpdateCheck = 1500;
				LastUpgradeCheck = 1500;
				TargetAttributes = {
					CC9E58C82AD9AED700F8ED3D = {
						CreatedOnToolsVersion = 15.0;
					};
					CC9E58F82ADE366200F8ED3D = {
						CreatedOnToolsVersion = 15.0;
					};
					CC9E590D2ADE37ED00F8ED3D = {
						CreatedOnToolsVersion = 15.0;
					};
				};
			};
			buildConfigurationList = CC9E58C42AD9AED700F8ED3D /* Build configuration list for PBXProject "ChatApp" */;
			compatibilityVersion = "Xcode 14.0";
			developmentRegion = en;
			hasScannedForEncodings = 0;
			knownRegions = (
				en,
				Base,
			);
			mainGroup = CC9E58C02AD9AED700F8ED3D;
			packageReferences = (
				CC9E59292AE0F43200F8ED3D /* XCRemoteSwiftPackageReference "firebase-ios-sdk" */,
			);
			productRefGroup = CC9E58CA2AD9AED700F8ED3D /* Products */;
			projectDirPath = "";
			projectRoot = "";
			targets = (
				CC9E58C82AD9AED700F8ED3D /* ChatApp */,
				CC9E58F82ADE366200F8ED3D /* ChatAppStrings */,
				CC9E590D2ADE37ED00F8ED3D /* ChatAppUIKit */,
			);
		};
/* End PBXProject section */

/* Begin PBXResourcesBuildPhase section */
		CC9E58C72AD9AED700F8ED3D /* Resources */ = {
			isa = PBXResourcesBuildPhase;
			buildActionMask = 2147483647;
			files = (
				CC9E58D92AD9AED800F8ED3D /* LaunchScreen.storyboard in Resources */,
				CC9E59282AE0F36500F8ED3D /* GoogleService-Info.plist in Resources */,
				CC9E58D62AD9AED800F8ED3D /* Assets.xcassets in Resources */,
				CC9E58D42AD9AED700F8ED3D /* Registration.storyboard in Resources */,
				CCB38CAF2AF6FB6C003BC40C /* MessageCell.xib in Resources */,
				CC9E59202ADF7A1400F8ED3D /* ProximaNova-Bold.otf in Resources */,
				CC9E591F2ADF7A1400F8ED3D /* ProximaNova-Regular.otf in Resources */,
				CC9E59212ADF7A1400F8ED3D /* ProximaNova-Semibold.otf in Resources */,
				CC9E58F32ADE2EE100F8ED3D /* Home.storyboard in Resources */,
			);
			runOnlyForDeploymentPostprocessing = 0;
		};
		CC9E58F72ADE366200F8ED3D /* Resources */ = {
			isa = PBXResourcesBuildPhase;
			buildActionMask = 2147483647;
			files = (
			);
			runOnlyForDeploymentPostprocessing = 0;
		};
		CC9E590C2ADE37ED00F8ED3D /* Resources */ = {
			isa = PBXResourcesBuildPhase;
			buildActionMask = 2147483647;
			files = (
			);
			runOnlyForDeploymentPostprocessing = 0;
		};
/* End PBXResourcesBuildPhase section */

/* Begin PBXSourcesBuildPhase section */
		CC9E58C52AD9AED700F8ED3D /* Sources */ = {
			isa = PBXSourcesBuildPhase;
			buildActionMask = 2147483647;
			files = (
				CCB38CAE2AF6FB6C003BC40C /* MessageCell.swift in Sources */,
				CC9E58E12ADB545A00F8ED3D /* LoginViewController.swift in Sources */,
				CC9E58E72ADDB72700F8ED3D /* SettingsViewController.swift in Sources */,
				CC9E58CD2AD9AED700F8ED3D /* AppDelegate.swift in Sources */,
				CCB38CA92AF6BF38003BC40C /* Message.swift in Sources */,
				CC9E58CF2AD9AED700F8ED3D /* SceneDelegate.swift in Sources */,
				CCB38CA72AF34F27003BC40C /* AuthHandler.swift in Sources */,
				CC9E58EC2ADE18BB00F8ED3D /* ContactsViewController.swift in Sources */,
				CC9E58E52ADB54B400F8ED3D /* ChatListViewController.swift in Sources */,
				CCB38CAB2AF6BF9D003BC40C /* ChatViewController.swift in Sources */,
				CC9E58E32ADB547900F8ED3D /* SignUpViewController.swift in Sources */,
			);
			runOnlyForDeploymentPostprocessing = 0;
		};
		CC9E58F52ADE366200F8ED3D /* Sources */ = {
			isa = PBXSourcesBuildPhase;
			buildActionMask = 2147483647;
			files = (
				CC9E59082ADE367B00F8ED3D /* Strings.swift in Sources */,
				CC9E58FD2ADE366200F8ED3D /* ChatAppStrings.docc in Sources */,
			);
			runOnlyForDeploymentPostprocessing = 0;
		};
		CC9E590A2ADE37ED00F8ED3D /* Sources */ = {
			isa = PBXSourcesBuildPhase;
			buildActionMask = 2147483647;
			files = (
				CC9E59242ADF7AF300F8ED3D /* Fonts.swift in Sources */,
				CC9E59122ADE37ED00F8ED3D /* ChatAppUIKit.docc in Sources */,
			);
			runOnlyForDeploymentPostprocessing = 0;
		};
/* End PBXSourcesBuildPhase section */

/* Begin PBXTargetDependency section */
		CC9E59002ADE366200F8ED3D /* PBXTargetDependency */ = {
			isa = PBXTargetDependency;
			target = CC9E58F82ADE366200F8ED3D /* ChatAppStrings */;
			targetProxy = CC9E58FF2ADE366200F8ED3D /* PBXContainerItemProxy */;
		};
		CC9E59152ADE37ED00F8ED3D /* PBXTargetDependency */ = {
			isa = PBXTargetDependency;
			target = CC9E590D2ADE37ED00F8ED3D /* ChatAppUIKit */;
			targetProxy = CC9E59142ADE37ED00F8ED3D /* PBXContainerItemProxy */;
		};
/* End PBXTargetDependency section */

/* Begin PBXVariantGroup section */
		CC9E58D22AD9AED700F8ED3D /* Registration.storyboard */ = {
			isa = PBXVariantGroup;
			children = (
				CC9E58D32AD9AED700F8ED3D /* Base */,
			);
			name = Registration.storyboard;
			sourceTree = "<group>";
		};
		CC9E58D72AD9AED800F8ED3D /* LaunchScreen.storyboard */ = {
			isa = PBXVariantGroup;
			children = (
				CC9E58D82AD9AED800F8ED3D /* Base */,
			);
			name = LaunchScreen.storyboard;
			sourceTree = "<group>";
		};
/* End PBXVariantGroup section */

/* Begin XCBuildConfiguration section */
		CC9E58DB2AD9AED800F8ED3D /* Debug */ = {
			isa = XCBuildConfiguration;
			buildSettings = {
				ALWAYS_SEARCH_USER_PATHS = NO;
				ASSETCATALOG_COMPILER_GENERATE_SWIFT_ASSET_SYMBOL_EXTENSIONS = YES;
				CLANG_ANALYZER_NONNULL = YES;
				CLANG_ANALYZER_NUMBER_OBJECT_CONVERSION = YES_AGGRESSIVE;
				CLANG_CXX_LANGUAGE_STANDARD = "gnu++20";
				CLANG_ENABLE_MODULES = YES;
				CLANG_ENABLE_OBJC_ARC = YES;
				CLANG_ENABLE_OBJC_WEAK = YES;
				CLANG_WARN_BLOCK_CAPTURE_AUTORELEASING = YES;
				CLANG_WARN_BOOL_CONVERSION = YES;
				CLANG_WARN_COMMA = YES;
				CLANG_WARN_CONSTANT_CONVERSION = YES;
				CLANG_WARN_DEPRECATED_OBJC_IMPLEMENTATIONS = YES;
				CLANG_WARN_DIRECT_OBJC_ISA_USAGE = YES_ERROR;
				CLANG_WARN_DOCUMENTATION_COMMENTS = YES;
				CLANG_WARN_EMPTY_BODY = YES;
				CLANG_WARN_ENUM_CONVERSION = YES;
				CLANG_WARN_INFINITE_RECURSION = YES;
				CLANG_WARN_INT_CONVERSION = YES;
				CLANG_WARN_NON_LITERAL_NULL_CONVERSION = YES;
				CLANG_WARN_OBJC_IMPLICIT_RETAIN_SELF = YES;
				CLANG_WARN_OBJC_LITERAL_CONVERSION = YES;
				CLANG_WARN_OBJC_ROOT_CLASS = YES_ERROR;
				CLANG_WARN_QUOTED_INCLUDE_IN_FRAMEWORK_HEADER = YES;
				CLANG_WARN_RANGE_LOOP_ANALYSIS = YES;
				CLANG_WARN_STRICT_PROTOTYPES = YES;
				CLANG_WARN_SUSPICIOUS_MOVE = YES;
				CLANG_WARN_UNGUARDED_AVAILABILITY = YES_AGGRESSIVE;
				CLANG_WARN_UNREACHABLE_CODE = YES;
				CLANG_WARN__DUPLICATE_METHOD_MATCH = YES;
				COPY_PHASE_STRIP = NO;
				DEBUG_INFORMATION_FORMAT = dwarf;
				ENABLE_STRICT_OBJC_MSGSEND = YES;
				ENABLE_TESTABILITY = YES;
				ENABLE_USER_SCRIPT_SANDBOXING = NO;
				GCC_C_LANGUAGE_STANDARD = gnu17;
				GCC_DYNAMIC_NO_PIC = NO;
				GCC_NO_COMMON_BLOCKS = YES;
				GCC_OPTIMIZATION_LEVEL = 0;
				GCC_PREPROCESSOR_DEFINITIONS = (
					"DEBUG=1",
					"$(inherited)",
				);
				GCC_WARN_64_TO_32_BIT_CONVERSION = YES;
				GCC_WARN_ABOUT_RETURN_TYPE = YES_ERROR;
				GCC_WARN_UNDECLARED_SELECTOR = YES;
				GCC_WARN_UNINITIALIZED_AUTOS = YES_AGGRESSIVE;
				GCC_WARN_UNUSED_FUNCTION = YES;
				GCC_WARN_UNUSED_VARIABLE = YES;
				IPHONEOS_DEPLOYMENT_TARGET = 17.0;
				LOCALIZATION_PREFERS_STRING_CATALOGS = YES;
				MTL_ENABLE_DEBUG_INFO = INCLUDE_SOURCE;
				MTL_FAST_MATH = YES;
				ONLY_ACTIVE_ARCH = YES;
				SDKROOT = iphoneos;
				SWIFT_ACTIVE_COMPILATION_CONDITIONS = "DEBUG $(inherited)";
				SWIFT_OPTIMIZATION_LEVEL = "-Onone";
			};
			name = Debug;
		};
		CC9E58DC2AD9AED800F8ED3D /* Release */ = {
			isa = XCBuildConfiguration;
			buildSettings = {
				ALWAYS_SEARCH_USER_PATHS = NO;
				ASSETCATALOG_COMPILER_GENERATE_SWIFT_ASSET_SYMBOL_EXTENSIONS = YES;
				CLANG_ANALYZER_NONNULL = YES;
				CLANG_ANALYZER_NUMBER_OBJECT_CONVERSION = YES_AGGRESSIVE;
				CLANG_CXX_LANGUAGE_STANDARD = "gnu++20";
				CLANG_ENABLE_MODULES = YES;
				CLANG_ENABLE_OBJC_ARC = YES;
				CLANG_ENABLE_OBJC_WEAK = YES;
				CLANG_WARN_BLOCK_CAPTURE_AUTORELEASING = YES;
				CLANG_WARN_BOOL_CONVERSION = YES;
				CLANG_WARN_COMMA = YES;
				CLANG_WARN_CONSTANT_CONVERSION = YES;
				CLANG_WARN_DEPRECATED_OBJC_IMPLEMENTATIONS = YES;
				CLANG_WARN_DIRECT_OBJC_ISA_USAGE = YES_ERROR;
				CLANG_WARN_DOCUMENTATION_COMMENTS = YES;
				CLANG_WARN_EMPTY_BODY = YES;
				CLANG_WARN_ENUM_CONVERSION = YES;
				CLANG_WARN_INFINITE_RECURSION = YES;
				CLANG_WARN_INT_CONVERSION = YES;
				CLANG_WARN_NON_LITERAL_NULL_CONVERSION = YES;
				CLANG_WARN_OBJC_IMPLICIT_RETAIN_SELF = YES;
				CLANG_WARN_OBJC_LITERAL_CONVERSION = YES;
				CLANG_WARN_OBJC_ROOT_CLASS = YES_ERROR;
				CLANG_WARN_QUOTED_INCLUDE_IN_FRAMEWORK_HEADER = YES;
				CLANG_WARN_RANGE_LOOP_ANALYSIS = YES;
				CLANG_WARN_STRICT_PROTOTYPES = YES;
				CLANG_WARN_SUSPICIOUS_MOVE = YES;
				CLANG_WARN_UNGUARDED_AVAILABILITY = YES_AGGRESSIVE;
				CLANG_WARN_UNREACHABLE_CODE = YES;
				CLANG_WARN__DUPLICATE_METHOD_MATCH = YES;
				COPY_PHASE_STRIP = NO;
				DEBUG_INFORMATION_FORMAT = "dwarf-with-dsym";
				ENABLE_NS_ASSERTIONS = NO;
				ENABLE_STRICT_OBJC_MSGSEND = YES;
				ENABLE_USER_SCRIPT_SANDBOXING = NO;
				GCC_C_LANGUAGE_STANDARD = gnu17;
				GCC_NO_COMMON_BLOCKS = YES;
				GCC_WARN_64_TO_32_BIT_CONVERSION = YES;
				GCC_WARN_ABOUT_RETURN_TYPE = YES_ERROR;
				GCC_WARN_UNDECLARED_SELECTOR = YES;
				GCC_WARN_UNINITIALIZED_AUTOS = YES_AGGRESSIVE;
				GCC_WARN_UNUSED_FUNCTION = YES;
				GCC_WARN_UNUSED_VARIABLE = YES;
				IPHONEOS_DEPLOYMENT_TARGET = 17.0;
				LOCALIZATION_PREFERS_STRING_CATALOGS = YES;
				MTL_ENABLE_DEBUG_INFO = NO;
				MTL_FAST_MATH = YES;
				SDKROOT = iphoneos;
				SWIFT_COMPILATION_MODE = wholemodule;
				VALIDATE_PRODUCT = YES;
			};
			name = Release;
		};
		CC9E58DE2AD9AED800F8ED3D /* Debug */ = {
			isa = XCBuildConfiguration;
			buildSettings = {
				ALWAYS_EMBED_SWIFT_STANDARD_LIBRARIES = YES;
				ASSETCATALOG_COMPILER_APPICON_NAME = AppIcon;
				ASSETCATALOG_COMPILER_GLOBAL_ACCENT_COLOR_NAME = AccentColor;
				CODE_SIGN_STYLE = Automatic;
				CURRENT_PROJECT_VERSION = 1;
				DEVELOPMENT_TEAM = S4RJQ9V4KY;
				GENERATE_INFOPLIST_FILE = YES;
				INFOPLIST_FILE = ChatApp/Info.plist;
				INFOPLIST_KEY_UIApplicationSupportsIndirectInputEvents = YES;
				INFOPLIST_KEY_UILaunchStoryboardName = LaunchScreen;
				INFOPLIST_KEY_UIMainStoryboardFile = "";
				INFOPLIST_KEY_UISupportedInterfaceOrientations = "UIInterfaceOrientationPortrait UIInterfaceOrientationPortraitUpsideDown";
				IPHONEOS_DEPLOYMENT_TARGET = 14.0;
				LD_RUNPATH_SEARCH_PATHS = (
					"$(inherited)",
					"@executable_path/Frameworks",
				);
				MARKETING_VERSION = 1.0;
				PRODUCT_BUNDLE_IDENTIFIER = com.hiteshmoudgil.ChatApp;
				PRODUCT_NAME = "$(TARGET_NAME)";
				SUPPORTED_PLATFORMS = "iphoneos iphonesimulator";
				SUPPORTS_MACCATALYST = NO;
				SUPPORTS_MAC_DESIGNED_FOR_IPHONE_IPAD = NO;
				SWIFT_EMIT_LOC_STRINGS = YES;
				SWIFT_VERSION = 5.0;
				TARGETED_DEVICE_FAMILY = "1,2";
			};
			name = Debug;
		};
		CC9E58DF2AD9AED800F8ED3D /* Release */ = {
			isa = XCBuildConfiguration;
			buildSettings = {
				ALWAYS_EMBED_SWIFT_STANDARD_LIBRARIES = YES;
				ASSETCATALOG_COMPILER_APPICON_NAME = AppIcon;
				ASSETCATALOG_COMPILER_GLOBAL_ACCENT_COLOR_NAME = AccentColor;
				CODE_SIGN_STYLE = Automatic;
				CURRENT_PROJECT_VERSION = 1;
				DEVELOPMENT_TEAM = S4RJQ9V4KY;
				GENERATE_INFOPLIST_FILE = YES;
				INFOPLIST_FILE = ChatApp/Info.plist;
				INFOPLIST_KEY_UIApplicationSupportsIndirectInputEvents = YES;
				INFOPLIST_KEY_UILaunchStoryboardName = LaunchScreen;
				INFOPLIST_KEY_UIMainStoryboardFile = "";
				INFOPLIST_KEY_UISupportedInterfaceOrientations = "UIInterfaceOrientationPortrait UIInterfaceOrientationPortraitUpsideDown";
				IPHONEOS_DEPLOYMENT_TARGET = 14.0;
				LD_RUNPATH_SEARCH_PATHS = (
					"$(inherited)",
					"@executable_path/Frameworks",
				);
				MARKETING_VERSION = 1.0;
				PRODUCT_BUNDLE_IDENTIFIER = com.hiteshmoudgil.ChatApp;
				PRODUCT_NAME = "$(TARGET_NAME)";
				SUPPORTED_PLATFORMS = "iphoneos iphonesimulator";
				SUPPORTS_MACCATALYST = NO;
				SUPPORTS_MAC_DESIGNED_FOR_IPHONE_IPAD = NO;
				SWIFT_EMIT_LOC_STRINGS = YES;
				SWIFT_VERSION = 5.0;
				TARGETED_DEVICE_FAMILY = "1,2";
			};
			name = Release;
		};
		CC9E59042ADE366200F8ED3D /* Debug */ = {
			isa = XCBuildConfiguration;
			buildSettings = {
				CODE_SIGN_STYLE = Automatic;
				CURRENT_PROJECT_VERSION = 1;
				DEFINES_MODULE = YES;
				DEVELOPMENT_TEAM = S4RJQ9V4KY;
				DYLIB_COMPATIBILITY_VERSION = 1;
				DYLIB_CURRENT_VERSION = 1;
				DYLIB_INSTALL_NAME_BASE = "@rpath";
				ENABLE_MODULE_VERIFIER = YES;
				GENERATE_INFOPLIST_FILE = YES;
				INFOPLIST_KEY_NSHumanReadableCopyright = "";
				INSTALL_PATH = "$(LOCAL_LIBRARY_DIR)/Frameworks";
				IPHONEOS_DEPLOYMENT_TARGET = 14.0;
				LD_RUNPATH_SEARCH_PATHS = (
					"$(inherited)",
					"@executable_path/Frameworks",
					"@loader_path/Frameworks",
				);
				MARKETING_VERSION = 1.0;
				MODULE_VERIFIER_SUPPORTED_LANGUAGES = "objective-c objective-c++";
				MODULE_VERIFIER_SUPPORTED_LANGUAGE_STANDARDS = "gnu17 gnu++20";
				PRODUCT_BUNDLE_IDENTIFIER = com.hiteshmoudgil.ChatAppStrings;
				PRODUCT_NAME = "$(TARGET_NAME:c99extidentifier)";
				SKIP_INSTALL = YES;
				SWIFT_EMIT_LOC_STRINGS = YES;
				SWIFT_VERSION = 5.0;
				TARGETED_DEVICE_FAMILY = "1,2";
				VERSIONING_SYSTEM = "apple-generic";
				VERSION_INFO_PREFIX = "";
			};
			name = Debug;
		};
		CC9E59052ADE366200F8ED3D /* Release */ = {
			isa = XCBuildConfiguration;
			buildSettings = {
				CODE_SIGN_STYLE = Automatic;
				CURRENT_PROJECT_VERSION = 1;
				DEFINES_MODULE = YES;
				DEVELOPMENT_TEAM = S4RJQ9V4KY;
				DYLIB_COMPATIBILITY_VERSION = 1;
				DYLIB_CURRENT_VERSION = 1;
				DYLIB_INSTALL_NAME_BASE = "@rpath";
				ENABLE_MODULE_VERIFIER = YES;
				GENERATE_INFOPLIST_FILE = YES;
				INFOPLIST_KEY_NSHumanReadableCopyright = "";
				INSTALL_PATH = "$(LOCAL_LIBRARY_DIR)/Frameworks";
				IPHONEOS_DEPLOYMENT_TARGET = 14.0;
				LD_RUNPATH_SEARCH_PATHS = (
					"$(inherited)",
					"@executable_path/Frameworks",
					"@loader_path/Frameworks",
				);
				MARKETING_VERSION = 1.0;
				MODULE_VERIFIER_SUPPORTED_LANGUAGES = "objective-c objective-c++";
				MODULE_VERIFIER_SUPPORTED_LANGUAGE_STANDARDS = "gnu17 gnu++20";
				PRODUCT_BUNDLE_IDENTIFIER = com.hiteshmoudgil.ChatAppStrings;
				PRODUCT_NAME = "$(TARGET_NAME:c99extidentifier)";
				SKIP_INSTALL = YES;
				SWIFT_EMIT_LOC_STRINGS = YES;
				SWIFT_VERSION = 5.0;
				TARGETED_DEVICE_FAMILY = "1,2";
				VERSIONING_SYSTEM = "apple-generic";
				VERSION_INFO_PREFIX = "";
			};
			name = Release;
		};
		CC9E59192ADE37ED00F8ED3D /* Debug */ = {
			isa = XCBuildConfiguration;
			buildSettings = {
				CODE_SIGN_STYLE = Automatic;
				CURRENT_PROJECT_VERSION = 1;
				DEFINES_MODULE = YES;
				DEVELOPMENT_TEAM = S4RJQ9V4KY;
				DYLIB_COMPATIBILITY_VERSION = 1;
				DYLIB_CURRENT_VERSION = 1;
				DYLIB_INSTALL_NAME_BASE = "@rpath";
				ENABLE_MODULE_VERIFIER = YES;
				GENERATE_INFOPLIST_FILE = YES;
				INFOPLIST_KEY_NSHumanReadableCopyright = "";
				INSTALL_PATH = "$(LOCAL_LIBRARY_DIR)/Frameworks";
				IPHONEOS_DEPLOYMENT_TARGET = 14.0;
				LD_RUNPATH_SEARCH_PATHS = (
					"$(inherited)",
					"@executable_path/Frameworks",
					"@loader_path/Frameworks",
				);
				MARKETING_VERSION = 1.0;
				MODULE_VERIFIER_SUPPORTED_LANGUAGES = "objective-c objective-c++";
				MODULE_VERIFIER_SUPPORTED_LANGUAGE_STANDARDS = "gnu17 gnu++20";
				PRODUCT_BUNDLE_IDENTIFIER = com.hiteshmoudgil.ChatAppUIKit;
				PRODUCT_NAME = "$(TARGET_NAME:c99extidentifier)";
				SKIP_INSTALL = YES;
				SWIFT_EMIT_LOC_STRINGS = YES;
				SWIFT_VERSION = 5.0;
				TARGETED_DEVICE_FAMILY = "1,2";
				VERSIONING_SYSTEM = "apple-generic";
				VERSION_INFO_PREFIX = "";
			};
			name = Debug;
		};
		CC9E591A2ADE37ED00F8ED3D /* Release */ = {
			isa = XCBuildConfiguration;
			buildSettings = {
				CODE_SIGN_STYLE = Automatic;
				CURRENT_PROJECT_VERSION = 1;
				DEFINES_MODULE = YES;
				DEVELOPMENT_TEAM = S4RJQ9V4KY;
				DYLIB_COMPATIBILITY_VERSION = 1;
				DYLIB_CURRENT_VERSION = 1;
				DYLIB_INSTALL_NAME_BASE = "@rpath";
				ENABLE_MODULE_VERIFIER = YES;
				GENERATE_INFOPLIST_FILE = YES;
				INFOPLIST_KEY_NSHumanReadableCopyright = "";
				INSTALL_PATH = "$(LOCAL_LIBRARY_DIR)/Frameworks";
				IPHONEOS_DEPLOYMENT_TARGET = 14.0;
				LD_RUNPATH_SEARCH_PATHS = (
					"$(inherited)",
					"@executable_path/Frameworks",
					"@loader_path/Frameworks",
				);
				MARKETING_VERSION = 1.0;
				MODULE_VERIFIER_SUPPORTED_LANGUAGES = "objective-c objective-c++";
				MODULE_VERIFIER_SUPPORTED_LANGUAGE_STANDARDS = "gnu17 gnu++20";
				PRODUCT_BUNDLE_IDENTIFIER = com.hiteshmoudgil.ChatAppUIKit;
				PRODUCT_NAME = "$(TARGET_NAME:c99extidentifier)";
				SKIP_INSTALL = YES;
				SWIFT_EMIT_LOC_STRINGS = YES;
				SWIFT_VERSION = 5.0;
				TARGETED_DEVICE_FAMILY = "1,2";
				VERSIONING_SYSTEM = "apple-generic";
				VERSION_INFO_PREFIX = "";
			};
			name = Release;
		};
/* End XCBuildConfiguration section */

/* Begin XCConfigurationList section */
		CC9E58C42AD9AED700F8ED3D /* Build configuration list for PBXProject "ChatApp" */ = {
			isa = XCConfigurationList;
			buildConfigurations = (
				CC9E58DB2AD9AED800F8ED3D /* Debug */,
				CC9E58DC2AD9AED800F8ED3D /* Release */,
			);
			defaultConfigurationIsVisible = 0;
			defaultConfigurationName = Release;
		};
		CC9E58DD2AD9AED800F8ED3D /* Build configuration list for PBXNativeTarget "ChatApp" */ = {
			isa = XCConfigurationList;
			buildConfigurations = (
				CC9E58DE2AD9AED800F8ED3D /* Debug */,
				CC9E58DF2AD9AED800F8ED3D /* Release */,
			);
			defaultConfigurationIsVisible = 0;
			defaultConfigurationName = Release;
		};
		CC9E59032ADE366200F8ED3D /* Build configuration list for PBXNativeTarget "ChatAppStrings" */ = {
			isa = XCConfigurationList;
			buildConfigurations = (
				CC9E59042ADE366200F8ED3D /* Debug */,
				CC9E59052ADE366200F8ED3D /* Release */,
			);
			defaultConfigurationIsVisible = 0;
			defaultConfigurationName = Release;
		};
		CC9E59182ADE37ED00F8ED3D /* Build configuration list for PBXNativeTarget "ChatAppUIKit" */ = {
			isa = XCConfigurationList;
			buildConfigurations = (
				CC9E59192ADE37ED00F8ED3D /* Debug */,
				CC9E591A2ADE37ED00F8ED3D /* Release */,
			);
			defaultConfigurationIsVisible = 0;
			defaultConfigurationName = Release;
		};
/* End XCConfigurationList section */

/* Begin XCRemoteSwiftPackageReference section */
		CC9E59292AE0F43200F8ED3D /* XCRemoteSwiftPackageReference "firebase-ios-sdk" */ = {
			isa = XCRemoteSwiftPackageReference;
			repositoryURL = "https://github.com/firebase/firebase-ios-sdk";
			requirement = {
				kind = upToNextMajorVersion;
				minimumVersion = 10.16.0;
			};
		};
/* End XCRemoteSwiftPackageReference section */

/* Begin XCSwiftPackageProductDependency section */
		CC9E592A2AE0F43200F8ED3D /* FirebaseAuth */ = {
			isa = XCSwiftPackageProductDependency;
			package = CC9E59292AE0F43200F8ED3D /* XCRemoteSwiftPackageReference "firebase-ios-sdk" */;
			productName = FirebaseAuth;
		};
		CC9E592C2AE0F43200F8ED3D /* FirebaseDatabase */ = {
			isa = XCSwiftPackageProductDependency;
			package = CC9E59292AE0F43200F8ED3D /* XCRemoteSwiftPackageReference "firebase-ios-sdk" */;
			productName = FirebaseDatabase;
		};
		CC9E592E2AE0F43200F8ED3D /* FirebaseDatabaseSwift */ = {
			isa = XCSwiftPackageProductDependency;
			package = CC9E59292AE0F43200F8ED3D /* XCRemoteSwiftPackageReference "firebase-ios-sdk" */;
			productName = FirebaseDatabaseSwift;
		};
		CC9E59302AE0F43200F8ED3D /* FirebaseFirestore */ = {
			isa = XCSwiftPackageProductDependency;
			package = CC9E59292AE0F43200F8ED3D /* XCRemoteSwiftPackageReference "firebase-ios-sdk" */;
			productName = FirebaseFirestore;
		};
		CC9E59322AE0F43200F8ED3D /* FirebaseFirestoreSwift */ = {
			isa = XCSwiftPackageProductDependency;
			package = CC9E59292AE0F43200F8ED3D /* XCRemoteSwiftPackageReference "firebase-ios-sdk" */;
			productName = FirebaseFirestoreSwift;
		};
/* End XCSwiftPackageProductDependency section */
	};
	rootObject = CC9E58C12AD9AED700F8ED3D /* Project object */;
}
